// !$*UTF8*$!
{
	archiveVersion = 1;
	classes = {
	};
	objectVersion = 50;
	objects = {

/* Begin PBXBuildFile section */
		806C2DA325FECDA4009E4FFF /* AppDelegate.swift in Sources */ = {isa = PBXBuildFile; fileRef = 806C2DA225FECDA4009E4FFF /* AppDelegate.swift */; };
		806C2DA525FECDA4009E4FFF /* SceneDelegate.swift in Sources */ = {isa = PBXBuildFile; fileRef = 806C2DA425FECDA4009E4FFF /* SceneDelegate.swift */; };
		806C2DA725FECDA4009E4FFF /* ViewController.swift in Sources */ = {isa = PBXBuildFile; fileRef = 806C2DA625FECDA4009E4FFF /* ViewController.swift */; };
		806C2DAA25FECDA4009E4FFF /* Main.storyboard in Resources */ = {isa = PBXBuildFile; fileRef = 806C2DA825FECDA4009E4FFF /* Main.storyboard */; };
		806C2DAC25FECDA4009E4FFF /* Assets.xcassets in Resources */ = {isa = PBXBuildFile; fileRef = 806C2DAB25FECDA4009E4FFF /* Assets.xcassets */; };
		806C2DAF25FECDA4009E4FFF /* LaunchScreen.storyboard in Resources */ = {isa = PBXBuildFile; fileRef = 806C2DAD25FECDA4009E4FFF /* LaunchScreen.storyboard */; };
		806C2DBA25FECDA4009E4FFF /* ParstagramTests.swift in Sources */ = {isa = PBXBuildFile; fileRef = 806C2DB925FECDA4009E4FFF /* ParstagramTests.swift */; };
		806C2DC525FECDA4009E4FFF /* ParstagramUITests.swift in Sources */ = {isa = PBXBuildFile; fileRef = 806C2DC425FECDA4009E4FFF /* ParstagramUITests.swift */; };
/* End PBXBuildFile section */

/* Begin PBXContainerItemProxy section */
		806C2DB625FECDA4009E4FFF /* PBXContainerItemProxy */ = {
			isa = PBXContainerItemProxy;
			containerPortal = 806C2D9725FECDA4009E4FFF /* Project object */;
			proxyType = 1;
			remoteGlobalIDString = 806C2D9E25FECDA4009E4FFF;
			remoteInfo = Parstagram;
		};
		806C2DC125FECDA4009E4FFF /* PBXContainerItemProxy */ = {
			isa = PBXContainerItemProxy;
			containerPortal = 806C2D9725FECDA4009E4FFF /* Project object */;
			proxyType = 1;
			remoteGlobalIDString = 806C2D9E25FECDA4009E4FFF;
			remoteInfo = Parstagram;
		};
/* End PBXContainerItemProxy section */

/* Begin PBXFileReference section */
		806C2D9F25FECDA4009E4FFF /* Parstagram.app */ = {isa = PBXFileReference; explicitFileType = wrapper.application; includeInIndex = 0; path = Parstagram.app; sourceTree = BUILT_PRODUCTS_DIR; };
		806C2DA225FECDA4009E4FFF /* AppDelegate.swift */ = {isa = PBXFileReference; lastKnownFileType = sourcecode.swift; path = AppDelegate.swift; sourceTree = "<group>"; };
		806C2DA425FECDA4009E4FFF /* SceneDelegate.swift */ = {isa = PBXFileReference; lastKnownFileType = sourcecode.swift; path = SceneDelegate.swift; sourceTree = "<group>"; };
		806C2DA625FECDA4009E4FFF /* ViewController.swift */ = {isa = PBXFileReference; lastKnownFileType = sourcecode.swift; path = ViewController.swift; sourceTree = "<group>"; };
		806C2DA925FECDA4009E4FFF /* Base */ = {isa = PBXFileReference; lastKnownFileType = file.storyboard; name = Base; path = Base.lproj/Main.storyboard; sourceTree = "<group>"; };
		806C2DAB25FECDA4009E4FFF /* Assets.xcassets */ = {isa = PBXFileReference; lastKnownFileType = folder.assetcatalog; path = Assets.xcassets; sourceTree = "<group>"; };
		806C2DAE25FECDA4009E4FFF /* Base */ = {isa = PBXFileReference; lastKnownFileType = file.storyboard; name = Base; path = Base.lproj/LaunchScreen.storyboard; sourceTree = "<group>"; };
		806C2DB025FECDA4009E4FFF /* Info.plist */ = {isa = PBXFileReference; lastKnownFileType = text.plist.xml; path = Info.plist; sourceTree = "<group>"; };
		806C2DB525FECDA4009E4FFF /* ParstagramTests.xctest */ = {isa = PBXFileReference; explicitFileType = wrapper.cfbundle; includeInIndex = 0; path = ParstagramTests.xctest; sourceTree = BUILT_PRODUCTS_DIR; };
		806C2DB925FECDA4009E4FFF /* ParstagramTests.swift */ = {isa = PBXFileReference; lastKnownFileType = sourcecode.swift; path = ParstagramTests.swift; sourceTree = "<group>"; };
		806C2DBB25FECDA4009E4FFF /* Info.plist */ = {isa = PBXFileReference; lastKnownFileType = text.plist.xml; path = Info.plist; sourceTree = "<group>"; };
		806C2DC025FECDA4009E4FFF /* ParstagramUITests.xctest */ = {isa = PBXFileReference; explicitFileType = wrapper.cfbundle; includeInIndex = 0; path = ParstagramUITests.xctest; sourceTree = BUILT_PRODUCTS_DIR; };
		806C2DC425FECDA4009E4FFF /* ParstagramUITests.swift */ = {isa = PBXFileReference; lastKnownFileType = sourcecode.swift; path = ParstagramUITests.swift; sourceTree = "<group>"; };
		806C2DC625FECDA4009E4FFF /* Info.plist */ = {isa = PBXFileReference; lastKnownFileType = text.plist.xml; path = Info.plist; sourceTree = "<group>"; };
/* End PBXFileReference section */

/* Begin PBXFrameworksBuildPhase section */
		806C2D9C25FECDA4009E4FFF /* Frameworks */ = {
			isa = PBXFrameworksBuildPhase;
			buildActionMask = 2147483647;
			files = (
			);
			runOnlyForDeploymentPostprocessing = 0;
		};
		806C2DB225FECDA4009E4FFF /* Frameworks */ = {
			isa = PBXFrameworksBuildPhase;
			buildActionMask = 2147483647;
			files = (
			);
			runOnlyForDeploymentPostprocessing = 0;
		};
		806C2DBD25FECDA4009E4FFF /* Frameworks */ = {
			isa = PBXFrameworksBuildPhase;
			buildActionMask = 2147483647;
			files = (
			);
			runOnlyForDeploymentPostprocessing = 0;
		};
/* End PBXFrameworksBuildPhase section */

/* Begin PBXGroup section */
		806C2D9625FECDA4009E4FFF = {
			isa = PBXGroup;
			children = (
				806C2DA125FECDA4009E4FFF /* Parstagram */,
				806C2DB825FECDA4009E4FFF /* ParstagramTests */,
				806C2DC325FECDA4009E4FFF /* ParstagramUITests */,
				806C2DA025FECDA4009E4FFF /* Products */,
			);
			sourceTree = "<group>";
		};
		806C2DA025FECDA4009E4FFF /* Products */ = {
			isa = PBXGroup;
			children = (
				806C2D9F25FECDA4009E4FFF /* Parstagram.app */,
				806C2DB525FECDA4009E4FFF /* ParstagramTests.xctest */,
				806C2DC025FECDA4009E4FFF /* ParstagramUITests.xctest */,
			);
			name = Products;
			sourceTree = "<group>";
		};
		806C2DA125FECDA4009E4FFF /* Parstagram */ = {
			isa = PBXGroup;
			children = (
				806C2DA225FECDA4009E4FFF /* AppDelegate.swift */,
				806C2DA425FECDA4009E4FFF /* SceneDelegate.swift */,
				806C2DA625FECDA4009E4FFF /* ViewController.swift */,
				806C2DA825FECDA4009E4FFF /* Main.storyboard */,
				806C2DAB25FECDA4009E4FFF /* Assets.xcassets */,
				806C2DAD25FECDA4009E4FFF /* LaunchScreen.storyboard */,
				806C2DB025FECDA4009E4FFF /* Info.plist */,
			);
			path = Parstagram;
			sourceTree = "<group>";
		};
		806C2DB825FECDA4009E4FFF /* ParstagramTests */ = {
			isa = PBXGroup;
			children = (
				806C2DB925FECDA4009E4FFF /* ParstagramTests.swift */,
				806C2DBB25FECDA4009E4FFF /* Info.plist */,
			);
			path = ParstagramTests;
			sourceTree = "<group>";
		};
		806C2DC325FECDA4009E4FFF /* ParstagramUITests */ = {
			isa = PBXGroup;
			children = (
				806C2DC425FECDA4009E4FFF /* ParstagramUITests.swift */,
				806C2DC625FECDA4009E4FFF /* Info.plist */,
			);
			path = ParstagramUITests;
			sourceTree = "<group>";
		};
/* End PBXGroup section */

/* Begin PBXNativeTarget section */
		806C2D9E25FECDA4009E4FFF /* Parstagram */ = {
			isa = PBXNativeTarget;
			buildConfigurationList = 806C2DC925FECDA4009E4FFF /* Build configuration list for PBXNativeTarget "Parstagram" */;
			buildPhases = (
				806C2D9B25FECDA4009E4FFF /* Sources */,
				806C2D9C25FECDA4009E4FFF /* Frameworks */,
				806C2D9D25FECDA4009E4FFF /* Resources */,
			);
			buildRules = (
			);
			dependencies = (
			);
			name = Parstagram;
			productName = Parstagram;
			productReference = 806C2D9F25FECDA4009E4FFF /* Parstagram.app */;
			productType = "com.apple.product-type.application";
		};
		806C2DB425FECDA4009E4FFF /* ParstagramTests */ = {
			isa = PBXNativeTarget;
			buildConfigurationList = 806C2DCC25FECDA4009E4FFF /* Build configuration list for PBXNativeTarget "ParstagramTests" */;
			buildPhases = (
				806C2DB125FECDA4009E4FFF /* Sources */,
				806C2DB225FECDA4009E4FFF /* Frameworks */,
				806C2DB325FECDA4009E4FFF /* Resources */,
			);
			buildRules = (
			);
			dependencies = (
				806C2DB725FECDA4009E4FFF /* PBXTargetDependency */,
			);
			name = ParstagramTests;
			productName = ParstagramTests;
			productReference = 806C2DB525FECDA4009E4FFF /* ParstagramTests.xctest */;
			productType = "com.apple.product-type.bundle.unit-test";
		};
		806C2DBF25FECDA4009E4FFF /* ParstagramUITests */ = {
			isa = PBXNativeTarget;
			buildConfigurationList = 806C2DCF25FECDA4009E4FFF /* Build configuration list for PBXNativeTarget "ParstagramUITests" */;
			buildPhases = (
				806C2DBC25FECDA4009E4FFF /* Sources */,
				806C2DBD25FECDA4009E4FFF /* Frameworks */,
				806C2DBE25FECDA4009E4FFF /* Resources */,
			);
			buildRules = (
			);
			dependencies = (
				806C2DC225FECDA4009E4FFF /* PBXTargetDependency */,
			);
			name = ParstagramUITests;
			productName = ParstagramUITests;
			productReference = 806C2DC025FECDA4009E4FFF /* ParstagramUITests.xctest */;
			productType = "com.apple.product-type.bundle.ui-testing";
		};
/* End PBXNativeTarget section */

/* Begin PBXProject section */
		806C2D9725FECDA4009E4FFF /* Project object */ = {
			isa = PBXProject;
			attributes = {
				LastSwiftUpdateCheck = 1240;
				LastUpgradeCheck = 1240;
				TargetAttributes = {
					806C2D9E25FECDA4009E4FFF = {
						CreatedOnToolsVersion = 12.4;
					};
					806C2DB425FECDA4009E4FFF = {
						CreatedOnToolsVersion = 12.4;
						TestTargetID = 806C2D9E25FECDA4009E4FFF;
					};
					806C2DBF25FECDA4009E4FFF = {
						CreatedOnToolsVersion = 12.4;
						TestTargetID = 806C2D9E25FECDA4009E4FFF;
					};
				};
			};
			buildConfigurationList = 806C2D9A25FECDA4009E4FFF /* Build configuration list for PBXProject "Parstagram" */;
			compatibilityVersion = "Xcode 9.3";
			developmentRegion = en;
			hasScannedForEncodings = 0;
			knownRegions = (
				en,
				Base,
			);
			mainGroup = 806C2D9625FECDA4009E4FFF;
			productRefGroup = 806C2DA025FECDA4009E4FFF /* Products */;
			projectDirPath = "";
			projectRoot = "";
			targets = (
				806C2D9E25FECDA4009E4FFF /* Parstagram */,
				806C2DB425FECDA4009E4FFF /* ParstagramTests */,
				806C2DBF25FECDA4009E4FFF /* ParstagramUITests */,
			);
		};
/* End PBXProject section */

/* Begin PBXResourcesBuildPhase section */
		806C2D9D25FECDA4009E4FFF /* Resources */ = {
			isa = PBXResourcesBuildPhase;
			buildActionMask = 2147483647;
			files = (
				806C2DAF25FECDA4009E4FFF /* LaunchScreen.storyboard in Resources */,
				806C2DAC25FECDA4009E4FFF /* Assets.xcassets in Resources */,
				806C2DAA25FECDA4009E4FFF /* Main.storyboard in Resources */,
			);
			runOnlyForDeploymentPostprocessing = 0;
		};
		806C2DB325FECDA4009E4FFF /* Resources */ = {
			isa = PBXResourcesBuildPhase;
			buildActionMask = 2147483647;
			files = (
			);
			runOnlyForDeploymentPostprocessing = 0;
		};
		806C2DBE25FECDA4009E4FFF /* Resources */ = {
			isa = PBXResourcesBuildPhase;
			buildActionMask = 2147483647;
			files = (
			);
			runOnlyForDeploymentPostprocessing = 0;
		};
/* End PBXResourcesBuildPhase section */

/* Begin PBXSourcesBuildPhase section */
		806C2D9B25FECDA4009E4FFF /* Sources */ = {
			isa = PBXSourcesBuildPhase;
			buildActionMask = 2147483647;
			files = (
				806C2DA725FECDA4009E4FFF /* ViewController.swift in Sources */,
				806C2DA325FECDA4009E4FFF /* AppDelegate.swift in Sources */,
				806C2DA525FECDA4009E4FFF /* SceneDelegate.swift in Sources */,
			);
			runOnlyForDeploymentPostprocessing = 0;
		};
		806C2DB125FECDA4009E4FFF /* Sources */ = {
			isa = PBXSourcesBuildPhase;
			buildActionMask = 2147483647;
			files = (
				806C2DBA25FECDA4009E4FFF /* ParstagramTests.swift in Sources */,
			);
			runOnlyForDeploymentPostprocessing = 0;
		};
		806C2DBC25FECDA4009E4FFF /* Sources */ = {
			isa = PBXSourcesBuildPhase;
			buildActionMask = 2147483647;
			files = (
				806C2DC525FECDA4009E4FFF /* ParstagramUITests.swift in Sources */,
			);
			runOnlyForDeploymentPostprocessing = 0;
		};
/* End PBXSourcesBuildPhase section */

/* Begin PBXTargetDependency section */
		806C2DB725FECDA4009E4FFF /* PBXTargetDependency */ = {
			isa = PBXTargetDependency;
			target = 806C2D9E25FECDA4009E4FFF /* Parstagram */;
			targetProxy = 806C2DB625FECDA4009E4FFF /* PBXContainerItemProxy */;
		};
		806C2DC225FECDA4009E4FFF /* PBXTargetDependency */ = {
			isa = PBXTargetDependency;
			target = 806C2D9E25FECDA4009E4FFF /* Parstagram */;
			targetProxy = 806C2DC125FECDA4009E4FFF /* PBXContainerItemProxy */;
		};
/* End PBXTargetDependency section */

/* Begin PBXVariantGroup section */
		806C2DA825FECDA4009E4FFF /* Main.storyboard */ = {
			isa = PBXVariantGroup;
			children = (
				806C2DA925FECDA4009E4FFF /* Base */,
			);
			name = Main.storyboard;
			sourceTree = "<group>";
		};
		806C2DAD25FECDA4009E4FFF /* LaunchScreen.storyboard */ = {
			isa = PBXVariantGroup;
			children = (
				806C2DAE25FECDA4009E4FFF /* Base */,
			);
			name = LaunchScreen.storyboard;
			sourceTree = "<group>";
		};
/* End PBXVariantGroup section */

/* Begin XCBuildConfiguration section */
		806C2DC725FECDA4009E4FFF /* Debug */ = {
			isa = XCBuildConfiguration;
			buildSettings = {
				ALWAYS_SEARCH_USER_PATHS = NO;
				CLANG_ANALYZER_NONNULL = YES;
				CLANG_ANALYZER_NUMBER_OBJECT_CONVERSION = YES_AGGRESSIVE;
				CLANG_CXX_LANGUAGE_STANDARD = "gnu++14";
				CLANG_CXX_LIBRARY = "libc++";
				CLANG_ENABLE_MODULES = YES;
				CLANG_ENABLE_OBJC_ARC = YES;
				CLANG_ENABLE_OBJC_WEAK = YES;
				CLANG_WARN_BLOCK_CAPTURE_AUTORELEASING = YES;
				CLANG_WARN_BOOL_CONVERSION = YES;
				CLANG_WARN_COMMA = YES;
				CLANG_WARN_CONSTANT_CONVERSION = YES;
				CLANG_WARN_DEPRECATED_OBJC_IMPLEMENTATIONS = YES;
				CLANG_WARN_DIRECT_OBJC_ISA_USAGE = YES_ERROR;
				CLANG_WARN_DOCUMENTATION_COMMENTS = YES;
				CLANG_WARN_EMPTY_BODY = YES;
				CLANG_WARN_ENUM_CONVERSION = YES;
				CLANG_WARN_INFINITE_RECURSION = YES;
				CLANG_WARN_INT_CONVERSION = YES;
				CLANG_WARN_NON_LITERAL_NULL_CONVERSION = YES;
				CLANG_WARN_OBJC_IMPLICIT_RETAIN_SELF = YES;
				CLANG_WARN_OBJC_LITERAL_CONVERSION = YES;
				CLANG_WARN_OBJC_ROOT_CLASS = YES_ERROR;
				CLANG_WARN_QUOTED_INCLUDE_IN_FRAMEWORK_HEADER = YES;
				CLANG_WARN_RANGE_LOOP_ANALYSIS = YES;
				CLANG_WARN_STRICT_PROTOTYPES = YES;
				CLANG_WARN_SUSPICIOUS_MOVE = YES;
				CLANG_WARN_UNGUARDED_AVAILABILITY = YES_AGGRESSIVE;
				CLANG_WARN_UNREACHABLE_CODE = YES;
				CLANG_WARN__DUPLICATE_METHOD_MATCH = YES;
				COPY_PHASE_STRIP = NO;
				DEBUG_INFORMATION_FORMAT = dwarf;
				ENABLE_STRICT_OBJC_MSGSEND = YES;
				ENABLE_TESTABILITY = YES;
				GCC_C_LANGUAGE_STANDARD = gnu11;
				GCC_DYNAMIC_NO_PIC = NO;
				GCC_NO_COMMON_BLOCKS = YES;
				GCC_OPTIMIZATION_LEVEL = 0;
				GCC_PREPROCESSOR_DEFINITIONS = (
					"DEBUG=1",
					"$(inherited)",
				);
				GCC_WARN_64_TO_32_BIT_CONVERSION = YES;
				GCC_WARN_ABOUT_RETURN_TYPE = YES_ERROR;
				GCC_WARN_UNDECLARED_SELECTOR = YES;
				GCC_WARN_UNINITIALIZED_AUTOS = YES_AGGRESSIVE;
				GCC_WARN_UNUSED_FUNCTION = YES;
				GCC_WARN_UNUSED_VARIABLE = YES;
				IPHONEOS_DEPLOYMENT_TARGET = 14.4;
				MTL_ENABLE_DEBUG_INFO = INCLUDE_SOURCE;
				MTL_FAST_MATH = YES;
				ONLY_ACTIVE_ARCH = YES;
				SDKROOT = iphoneos;
				SWIFT_ACTIVE_COMPILATION_CONDITIONS = DEBUG;
				SWIFT_OPTIMIZATION_LEVEL = "-Onone";
			};
			name = Debug;
		};
		806C2DC825FECDA4009E4FFF /* Release */ = {
			isa = XCBuildConfiguration;
			buildSettings = {
				ALWAYS_SEARCH_USER_PATHS = NO;
				CLANG_ANALYZER_NONNULL = YES;
				CLANG_ANALYZER_NUMBER_OBJECT_CONVERSION = YES_AGGRESSIVE;
				CLANG_CXX_LANGUAGE_STANDARD = "gnu++14";
				CLANG_CXX_LIBRARY = "libc++";
				CLANG_ENABLE_MODULES = YES;
				CLANG_ENABLE_OBJC_ARC = YES;
				CLANG_ENABLE_OBJC_WEAK = YES;
				CLANG_WARN_BLOCK_CAPTURE_AUTORELEASING = YES;
				CLANG_WARN_BOOL_CONVERSION = YES;
				CLANG_WARN_COMMA = YES;
				CLANG_WARN_CONSTANT_CONVERSION = YES;
				CLANG_WARN_DEPRECATED_OBJC_IMPLEMENTATIONS = YES;
				CLANG_WARN_DIRECT_OBJC_ISA_USAGE = YES_ERROR;
				CLANG_WARN_DOCUMENTATION_COMMENTS = YES;
				CLANG_WARN_EMPTY_BODY = YES;
				CLANG_WARN_ENUM_CONVERSION = YES;
				CLANG_WARN_INFINITE_RECURSION = YES;
				CLANG_WARN_INT_CONVERSION = YES;
				CLANG_WARN_NON_LITERAL_NULL_CONVERSION = YES;
				CLANG_WARN_OBJC_IMPLICIT_RETAIN_SELF = YES;
				CLANG_WARN_OBJC_LITERAL_CONVERSION = YES;
				CLANG_WARN_OBJC_ROOT_CLASS = YES_ERROR;
				CLANG_WARN_QUOTED_INCLUDE_IN_FRAMEWORK_HEADER = YES;
				CLANG_WARN_RANGE_LOOP_ANALYSIS = YES;
				CLANG_WARN_STRICT_PROTOTYPES = YES;
				CLANG_WARN_SUSPICIOUS_MOVE = YES;
				CLANG_WARN_UNGUARDED_AVAILABILITY = YES_AGGRESSIVE;
				CLANG_WARN_UNREACHABLE_CODE = YES;
				CLANG_WARN__DUPLICATE_METHOD_MATCH = YES;
				COPY_PHASE_STRIP = NO;
				DEBUG_INFORMATION_FORMAT = "dwarf-with-dsym";
				ENABLE_NS_ASSERTIONS = NO;
				ENABLE_STRICT_OBJC_MSGSEND = YES;
				GCC_C_LANGUAGE_STANDARD = gnu11;
				GCC_NO_COMMON_BLOCKS = YES;
				GCC_WARN_64_TO_32_BIT_CONVERSION = YES;
				GCC_WARN_ABOUT_RETURN_TYPE = YES_ERROR;
				GCC_WARN_UNDECLARED_SELECTOR = YES;
				GCC_WARN_UNINITIALIZED_AUTOS = YES_AGGRESSIVE;
				GCC_WARN_UNUSED_FUNCTION = YES;
				GCC_WARN_UNUSED_VARIABLE = YES;
				IPHONEOS_DEPLOYMENT_TARGET = 14.4;
				MTL_ENABLE_DEBUG_INFO = NO;
				MTL_FAST_MATH = YES;
				SDKROOT = iphoneos;
				SWIFT_COMPILATION_MODE = wholemodule;
				SWIFT_OPTIMIZATION_LEVEL = "-O";
				VALIDATE_PRODUCT = YES;
			};
			name = Release;
		};
		806C2DCA25FECDA4009E4FFF /* Debug */ = {
			isa = XCBuildConfiguration;
			buildSettings = {
				ASSETCATALOG_COMPILER_APPICON_NAME = AppIcon;
				ASSETCATALOG_COMPILER_GLOBAL_ACCENT_COLOR_NAME = AccentColor;
				CODE_SIGN_STYLE = Automatic;
				INFOPLIST_FILE = Parstagram/Info.plist;
				LD_RUNPATH_SEARCH_PATHS = (
					"$(inherited)",
					"@executable_path/Frameworks",
				);
				PRODUCT_BUNDLE_IDENTIFIER = Codepath.Parstagram;
				PRODUCT_NAME = "$(TARGET_NAME)";
				SWIFT_VERSION = 5.0;
				TARGETED_DEVICE_FAMILY = "1,2";
			};
			name = Debug;
		};
		806C2DCB25FECDA4009E4FFF /* Release */ = {
			isa = XCBuildConfiguration;
			buildSettings = {
				ASSETCATALOG_COMPILER_APPICON_NAME = AppIcon;
				ASSETCATALOG_COMPILER_GLOBAL_ACCENT_COLOR_NAME = AccentColor;
				CODE_SIGN_STYLE = Automatic;
				INFOPLIST_FILE = Parstagram/Info.plist;
				LD_RUNPATH_SEARCH_PATHS = (
					"$(inherited)",
					"@executable_path/Frameworks",
				);
				PRODUCT_BUNDLE_IDENTIFIER = Codepath.Parstagram;
				PRODUCT_NAME = "$(TARGET_NAME)";
				SWIFT_VERSION = 5.0;
				TARGETED_DEVICE_FAMILY = "1,2";
			};
			name = Release;
		};
		806C2DCD25FECDA4009E4FFF /* Debug */ = {
			isa = XCBuildConfiguration;
			buildSettings = {
				ALWAYS_EMBED_SWIFT_STANDARD_LIBRARIES = YES;
				BUNDLE_LOADER = "$(TEST_HOST)";
				CODE_SIGN_STYLE = Automatic;
				INFOPLIST_FILE = ParstagramTests/Info.plist;
				IPHONEOS_DEPLOYMENT_TARGET = 14.4;
				LD_RUNPATH_SEARCH_PATHS = (
					"$(inherited)",
					"@executable_path/Frameworks",
					"@loader_path/Frameworks",
				);
				PRODUCT_BUNDLE_IDENTIFIER = Codepath.ParstagramTests;
				PRODUCT_NAME = "$(TARGET_NAME)";
				SWIFT_VERSION = 5.0;
				TARGETED_DEVICE_FAMILY = "1,2";
				TEST_HOST = "$(BUILT_PRODUCTS_DIR)/Parstagram.app/Parstagram";
			};
			name = Debug;
		};
		806C2DCE25FECDA4009E4FFF /* Release */ = {
			isa = XCBuildConfiguration;
			buildSettings = {
				ALWAYS_EMBED_SWIFT_STANDARD_LIBRARIES = YES;
				BUNDLE_LOADER = "$(TEST_HOST)";
				CODE_SIGN_STYLE = Automatic;
				INFOPLIST_FILE = ParstagramTests/Info.plist;
				IPHONEOS_DEPLOYMENT_TARGET = 14.4;
				LD_RUNPATH_SEARCH_PATHS = (
					"$(inherited)",
					"@executable_path/Frameworks",
					"@loader_path/Frameworks",
				);
				PRODUCT_BUNDLE_IDENTIFIER = Codepath.ParstagramTests;
				PRODUCT_NAME = "$(TARGET_NAME)";
				SWIFT_VERSION = 5.0;
				TARGETED_DEVICE_FAMILY = "1,2";
				TEST_HOST = "$(BUILT_PRODUCTS_DIR)/Parstagram.app/Parstagram";
			};
			name = Release;
		};
		806C2DD025FECDA4009E4FFF /* Debug */ = {
			isa = XCBuildConfiguration;
			buildSettings = {
				ALWAYS_EMBED_SWIFT_STANDARD_LIBRARIES = YES;
				CODE_SIGN_STYLE = Automatic;
				INFOPLIST_FILE = ParstagramUITests/Info.plist;
				LD_RUNPATH_SEARCH_PATHS = (
					"$(inherited)",
					"@executable_path/Frameworks",
					"@loader_path/Frameworks",
				);
				PRODUCT_BUNDLE_IDENTIFIER = Codepath.ParstagramUITests;
				PRODUCT_NAME = "$(TARGET_NAME)";
				SWIFT_VERSION = 5.0;
				TARGETED_DEVICE_FAMILY = "1,2";
				TEST_TARGET_NAME = Parstagram;
			};
			name = Debug;
		};
		806C2DD125FECDA4009E4FFF /* Release */ = {
			isa = XCBuildConfiguration;
			buildSettings = {
				ALWAYS_EMBED_SWIFT_STANDARD_LIBRARIES = YES;
				CODE_SIGN_STYLE = Automatic;
				INFOPLIST_FILE = ParstagramUITests/Info.plist;
				LD_RUNPATH_SEARCH_PATHS = (
					"$(inherited)",
					"@executable_path/Frameworks",
					"@loader_path/Frameworks",
				);
				PRODUCT_BUNDLE_IDENTIFIER = Codepath.ParstagramUITests;
				PRODUCT_NAME = "$(TARGET_NAME)";
				SWIFT_VERSION = 5.0;
				TARGETED_DEVICE_FAMILY = "1,2";
				TEST_TARGET_NAME = Parstagram;
			};
			name = Release;
		};
/* End XCBuildConfiguration section */

/* Begin XCConfigurationList section */
		806C2D9A25FECDA4009E4FFF /* Build configuration list for PBXProject "Parstagram" */ = {
			isa = XCConfigurationList;
			buildConfigurations = (
				806C2DC725FECDA4009E4FFF /* Debug */,
				806C2DC825FECDA4009E4FFF /* Release */,
			);
			defaultConfigurationIsVisible = 0;
			defaultConfigurationName = Release;
		};
		806C2DC925FECDA4009E4FFF /* Build configuration list for PBXNativeTarget "Parstagram" */ = {
			isa = XCConfigurationList;
			buildConfigurations = (
				806C2DCA25FECDA4009E4FFF /* Debug */,
				806C2DCB25FECDA4009E4FFF /* Release */,
			);
			defaultConfigurationIsVisible = 0;
			defaultConfigurationName = Release;
		};
		806C2DCC25FECDA4009E4FFF /* Build configuration list for PBXNativeTarget "ParstagramTests" */ = {
			isa = XCConfigurationList;
			buildConfigurations = (
				806C2DCD25FECDA4009E4FFF /* Debug */,
				806C2DCE25FECDA4009E4FFF /* Release */,
			);
			defaultConfigurationIsVisible = 0;
			defaultConfigurationName = Release;
		};
		806C2DCF25FECDA4009E4FFF /* Build configuration list for PBXNativeTarget "ParstagramUITests" */ = {
			isa = XCConfigurationList;
			buildConfigurations = (
				806C2DD025FECDA4009E4FFF /* Debug */,
				806C2DD125FECDA4009E4FFF /* Release */,
			);
			defaultConfigurationIsVisible = 0;
			defaultConfigurationName = Release;
		};
/* End XCConfigurationList section */
	};
	rootObject = 806C2D9725FECDA4009E4FFF /* Project object */;
}
